{
  "lockfileVersion": 1,
  "dependencies": {
    "@mdx-js/mdx": {
      "version": "0.16.6",
      "resolved": "https://registry.npmjs.org/@mdx-js/mdx/-/mdx-0.16.6.tgz",
      "integrity": "sha512-OJDun9/lt8c5tIWVNwjgFIkHtSWR3HOS+CmM5nW3BJKY5i4RSeVLekWkcCMpzujZtBF1frbjTM4bF9fD6LN8mQ=="
    },
    "@types/node": {
      "version": "10.12.15",
      "resolved": "https://registry.npmjs.org/@types/node/-/node-10.12.15.tgz",
      "integrity": "sha512-9kROxduaN98QghwwHmxXO2Xz3MaWf+I1sLVAA6KJDF5xix+IyXVhds0MAfdNwtcpSrzhaTsNB0/jnL86fgUhqA=="
    },
    "@types/unist": {
      "version": "2.0.2",
      "resolved": "https://registry.npmjs.org/@types/unist/-/unist-2.0.2.tgz",
      "integrity": "sha512-iHI60IbyfQilNubmxsq4zqSjdynlmc2Q/QvH9kjzg9+CCYVVzq1O6tc7VBzSygIwnmOt07w80IG6HDQvjv3Liw=="
    },
    "@types/vfile": {
      "version": "3.0.2",
      "resolved": "https://registry.npmjs.org/@types/vfile/-/vfile-3.0.2.tgz",
      "integrity": "sha512-b3nLFGaGkJ9rzOcuXRfHkZMdjsawuDD0ENL9fzTophtBg8FJHSGbH7daXkEpcwy3v7Xol3pAvsmlYyFhR4pqJw=="
    },
    "@types/vfile-message": {
      "version": "1.0.1",
      "resolved": "https://registry.npmjs.org/@types/vfile-message/-/vfile-message-1.0.1.tgz",
      "integrity": "sha512-mlGER3Aqmq7bqR1tTTIVHq8KSAFFRyGbrxuM8C/H82g6k7r2fS+IMEkIu3D7JHzG10NvPdR8DNx0jr0pwpp4dA=="
    },
    "bail": {
      "version": "1.0.3",
      "resolved": "https://registry.npmjs.org/bail/-/bail-1.0.3.tgz",
      "integrity": "sha512-1X8CnjFVQ+a+KW36uBNMTU5s8+v5FzeqrP7hTG5aTb4aPreSbZJlhwPon9VKMuEVgV++JM+SQrALY3kr7eswdg=="
    },
    "camel-case": {
      "version": "3.0.0",
      "resolved": "https://registry.npmjs.org/camel-case/-/camel-case-3.0.0.tgz",
      "integrity": "sha1-yjw2iKTpzzpM2nd9xNy8cTJJz3M="
    },
    "change-case": {
      "version": "3.0.2",
      "resolved": "https://registry.npmjs.org/change-case/-/change-case-3.0.2.tgz",
      "integrity": "sha512-Mww+SLF6MZ0U6kdg11algyKd5BARbyM4TbFBepwowYSR5ClfQGCGtxNXgykpN0uF/bstWeaGDT4JWaDh8zWAHA=="
    },
    "character-entities": {
      "version": "1.2.2",
      "resolved": "https://registry.npmjs.org/character-entities/-/character-entities-1.2.2.tgz",
      "integrity": "sha512-sMoHX6/nBiy3KKfC78dnEalnpn0Az0oSNvqUWYTtYrhRI5iUIYsROU48G+E+kMFQzqXaJ8kHJZ85n7y6/PHgwQ=="
    },
    "character-entities-legacy": {
      "version": "1.1.2",
      "resolved": "https://registry.npmjs.org/character-entities-legacy/-/character-entities-legacy-1.1.2.tgz",
      "integrity": "sha512-9NB2VbXtXYWdXzqrvAHykE/f0QJxzaKIpZ5QzNZrrgQ7Iyxr2vnfS8fCBNVW9nUEZE0lo57nxKRqnzY/dKrwlA=="
    },
    "character-reference-invalid": {
      "version": "1.1.2",
      "resolved": "https://registry.npmjs.org/character-reference-invalid/-/character-reference-invalid-1.1.2.tgz",
      "integrity": "sha512-7I/xceXfKyUJmSAn/jw8ve/9DyOP7XxufNYLI9Px7CmsKgEUaZLUTax6nZxGQtaoiZCjpu6cHPj20xC/vqRReQ=="
    },
    "collapse-white-space": {
      "version": "1.0.4",
      "resolved": "https://registry.npmjs.org/collapse-white-space/-/collapse-white-space-1.0.4.tgz",
      "integrity": "sha512-YfQ1tAUZm561vpYD+5eyWN8+UsceQbSrqqlc/6zDY2gtAE+uZLSdkkovhnGpmCThsvKBFakq4EdY/FF93E8XIw=="
    },
    "constant-case": {
      "version": "2.0.0",
      "resolved": "https://registry.npmjs.org/constant-case/-/constant-case-2.0.0.tgz",
      "integrity": "sha1-QXV2TTidP6nI7NKRhu1gBSQ7akY="
    },
    "detab": {
      "version": "2.0.1",
      "resolved": "https://registry.npmjs.org/detab/-/detab-2.0.1.tgz",
      "integrity": "sha512-/hhdqdQc5thGrqzjyO/pz76lDZ5GSuAs6goxOaKTsvPk7HNnzAyFN5lyHgqpX4/s1i66K8qMGj+VhA9504x7DQ=="
    },
    "dot-case": {
      "version": "2.1.1",
      "resolved": "https://registry.npmjs.org/dot-case/-/dot-case-2.1.1.tgz",
      "integrity": "sha1-NNzzf1Co6TwrO8qLt/uRVcfaO+4="
    },
    "extend": {
      "version": "3.0.2",
      "resolved": "https://registry.npmjs.org/extend/-/extend-3.0.2.tgz",
      "integrity": "sha512-fjquC59cD7CyW6urNXK0FBufkZcoiGG80wTuPujX590cB5Ttln20E2UB4S/WARVqhXffZl2LNgS+gQdPIIim/g=="
    },
    "header-case": {
      "version": "1.0.1",
      "resolved": "https://registry.npmjs.org/header-case/-/header-case-1.0.1.tgz",
      "integrity": "sha1-lTWXMZfBRLCWE81l0xfvGZY70C0="
    },
    "inherits": {
      "version": "2.0.3",
      "resolved": "https://registry.npmjs.org/inherits/-/inherits-2.0.3.tgz",
      "integrity": "sha1-Yzwsg+PaQqUC9SRmAiSA9CCCYd4="
    },
    "is-alphabetical": {
      "version": "1.0.2",
      "resolved": "https://registry.npmjs.org/is-alphabetical/-/is-alphabetical-1.0.2.tgz",
      "integrity": "sha512-V0xN4BYezDHcBSKb1QHUFMlR4as/XEuCZBzMJUU4n7+Cbt33SmUnSol+pnXFvLxSHNq2CemUXNdaXV6Flg7+xg=="
    },
    "is-alphanumerical": {
      "version": "1.0.2",
      "resolved": "https://registry.npmjs.org/is-alphanumerical/-/is-alphanumerical-1.0.2.tgz",
      "integrity": "sha512-pyfU/0kHdISIgslFfZN9nfY1Gk3MquQgUm1mJTjdkEPpkAKNWuBTSqFwewOpR7N351VkErCiyV71zX7mlQQqsg=="
    },
    "is-buffer": {
      "version": "2.0.3",
      "resolved": "https://registry.npmjs.org/is-buffer/-/is-buffer-2.0.3.tgz",
      "integrity": "sha512-U15Q7MXTuZlrbymiz95PJpZxu8IlipAp4dtS3wOdgPXx3mqBnslrWU14kxfHB+Py/+2PVKSr37dMAgM2A4uArw=="
    },
    "is-decimal": {
      "version": "1.0.2",
      "resolved": "https://registry.npmjs.org/is-decimal/-/is-decimal-1.0.2.tgz",
      "integrity": "sha512-TRzl7mOCchnhchN+f3ICUCzYvL9ul7R+TYOsZ8xia++knyZAJfv/uA1FvQXsAnYIl1T3B2X5E/J7Wb1QXiIBXg=="
    },
    "is-hexadecimal": {
      "version": "1.0.2",
      "resolved": "https://registry.npmjs.org/is-hexadecimal/-/is-hexadecimal-1.0.2.tgz",
      "integrity": "sha512-but/G3sapV3MNyqiDBLrOi4x8uCIw0RY3o/Vb5GT0sMFHrVV7731wFSVy41T5FO1og7G0gXLJh0MkgPRouko/A=="
    },
    "is-lower-case": {
      "version": "1.1.3",
      "resolved": "https://registry.npmjs.org/is-lower-case/-/is-lower-case-1.1.3.tgz",
      "integrity": "sha1-fhR75HaNxGbbO/shzGCzHmrWk5M="
    },
    "is-plain-obj": {
      "version": "1.1.0",
      "resolved": "https://registry.npmjs.org/is-plain-obj/-/is-plain-obj-1.1.0.tgz",
      "integrity": "sha1-caUMhCnfync8kqOQpKA7OfzVHT4="
    },
    "is-upper-case": {
      "version": "1.1.2",
      "resolved": "https://registry.npmjs.org/is-upper-case/-/is-upper-case-1.1.2.tgz",
      "integrity": "sha1-jQsfp+eTOh5YSDYA7H2WYcuvdW8="
    },
    "is-whitespace-character": {
      "version": "1.0.2",
      "resolved": "https://registry.npmjs.org/is-whitespace-character/-/is-whitespace-character-1.0.2.tgz",
      "integrity": "sha512-SzM+T5GKUCtLhlHFKt2SDAX2RFzfS6joT91F2/WSi9LxgFdsnhfPK/UIA+JhRR2xuyLdrCys2PiFDrtn1fU5hQ=="
    },
    "is-word-character": {
      "version": "1.0.2",
      "resolved": "https://registry.npmjs.org/is-word-character/-/is-word-character-1.0.2.tgz",
      "integrity": "sha512-T3FlsX8rCHAH8e7RE7PfOPZVFQlcV3XRF9eOOBQ1uf70OxO7CjjSOjeImMPCADBdYWcStAbVbYvJ1m2D3tb+EA=="
    },
    "js-tokens": {
      "version": "4.0.0",
      "resolved": "https://registry.npmjs.org/js-tokens/-/js-tokens-4.0.0.tgz",
      "integrity": "sha512-RdJUflcE3cUzKiMqQgsCu06FPu9UdIJO0beYbPhHN4k6apgJtifcoCtT9bcxOpYBtpD2kCM6Sbzg4CausW/PKQ=="
    },
    "loose-envify": {
      "version": "1.4.0",
      "resolved": "https://registry.npmjs.org/loose-envify/-/loose-envify-1.4.0.tgz",
      "integrity": "sha512-lyuxPGr/Wfhrlem2CL/UcnUc1zcqKAImBDzukY7Y5F/yQiNdko6+fRLevlw1HgMySw7f611UIY408EtxRSoK3Q=="
    },
    "lower-case": {
      "version": "1.1.4",
      "resolved": "https://registry.npmjs.org/lower-case/-/lower-case-1.1.4.tgz",
      "integrity": "sha1-miyr0bno4K6ZOkv31YdcOcQujqw="
    },
    "lower-case-first": {
      "version": "1.0.2",
      "resolved": "https://registry.npmjs.org/lower-case-first/-/lower-case-first-1.0.2.tgz",
      "integrity": "sha1-5dp8JvKacHO+AtUrrJmA5ZIq36E="
    },
    "markdown-escapes": {
      "version": "1.0.2",
      "resolved": "https://registry.npmjs.org/markdown-escapes/-/markdown-escapes-1.0.2.tgz",
      "integrity": "sha512-lbRZ2mE3Q9RtLjxZBZ9+IMl68DKIXaVAhwvwn9pmjnPLS0h/6kyBMgNhqi1xFJ/2yv6cSyv0jbiZavZv93JkkA=="
    },
    "mdast-squeeze-paragraphs": {
      "version": "3.0.4",
      "resolved": "https://registry.npmjs.org/mdast-squeeze-paragraphs/-/mdast-squeeze-paragraphs-3.0.4.tgz",
      "integrity": "sha512-sUu55X5JWisBqfiq2pwQv4SnLb11EBua0NWjvcl6WORfV18MdWoyODE2tS4pyqjwXbFTaq3y3Ca/4OMNvx8B0Q=="
    },
    "mdast-util-definitions": {
      "version": "1.2.3",
      "resolved": "https://registry.npmjs.org/mdast-util-definitions/-/mdast-util-definitions-1.2.3.tgz",
      "integrity": "sha512-P6wpRO8YVQ1iv30maMc93NLh7COvufglBE8/ldcOyYmk5EbfF0YeqlLgtqP/FOBU501Kqar1x5wYWwB3Nga74g=="
    },
    "mdast-util-to-hast": {
      "version": "4.0.0",
      "resolved": "https://registry.npmjs.org/mdast-util-to-hast/-/mdast-util-to-hast-4.0.0.tgz",
      "integrity": "sha512-yOTZSxR1aPvWRUxVeLaLZ1sCYrK87x2Wusp1bDM/Ao2jETBhYUKITI3nHvgy+HkZW54HuCAhHnS0mTcbECD5Ig=="
    },
    "mdurl": {
      "version": "1.0.1",
      "resolved": "https://registry.npmjs.org/mdurl/-/mdurl-1.0.1.tgz",
      "integrity": "sha1-/oWy7HWlkDfyrf7BAP1sYBdhFS4="
    },
    "no-case": {
      "version": "2.3.2",
      "resolved": "https://registry.npmjs.org/no-case/-/no-case-2.3.2.tgz",
      "integrity": "sha512-rmTZ9kz+f3rCvK2TD1Ue/oZlns7OGoIWP4fc3llxxRXlOkHKoWPPWJOfFYpITabSow43QJbRIoHQXtt10VldyQ=="
    },
    "object-assign": {
      "version": "4.1.1",
      "resolved": "https://registry.npmjs.org/object-assign/-/object-assign-4.1.1.tgz",
      "integrity": "sha1-IQmtx5ZYh8/AXLvUQsrIv7s2CGM="
    },
    "param-case": {
      "version": "2.1.1",
      "resolved": "https://registry.npmjs.org/param-case/-/param-case-2.1.1.tgz",
      "integrity": "sha1-35T9jPZTHs915r75oIWPvHK+Ikc="
    },
    "parse-entities": {
      "version": "1.2.0",
      "resolved": "https://registry.npmjs.org/parse-entities/-/parse-entities-1.2.0.tgz",
      "integrity": "sha512-XXtDdOPLSB0sHecbEapQi6/58U/ODj/KWfIXmmMCJF/eRn8laX6LZbOyioMoETOOJoWRW8/qTSl5VQkUIfKM5g=="
    },
    "pascal-case": {
      "version": "2.0.1",
      "resolved": "https://registry.npmjs.org/pascal-case/-/pascal-case-2.0.1.tgz",
      "integrity": "sha1-LVeNNFX2YNpl7KGO+VtODekSdh4="
    },
    "path-case": {
      "version": "2.1.1",
      "resolved": "https://registry.npmjs.org/path-case/-/path-case-2.1.1.tgz",
      "integrity": "sha1-lLgDfDctP+KQbkZbtF4l0ibo7qU="
    },
    "prop-types": {
      "version": "15.6.2",
      "resolved": "https://registry.npmjs.org/prop-types/-/prop-types-15.6.2.tgz",
      "integrity": "sha512-3pboPvLiWD7dkI3qf3KbUe6hKFKa52w+AE0VCqECtf+QHAKgOL37tTaNCnuX1nAAQ4ZhyP+kYVKf8rLmJ/feDQ=="
    },
    "react": {
      "version": "16.6.3",
      "resolved": "https://registry.npmjs.org/react/-/react-16.6.3.tgz",
      "integrity": "sha512-zCvmH2vbEolgKxtqXL2wmGCUxUyNheYn/C+PD1YAjfxHC54+MhdruyhO7QieQrYsYeTxrn93PM2y0jRH1zEExw=="
    },
    "remark-parse": {
      "version": "6.0.3",
      "resolved": "https://registry.npmjs.org/remark-parse/-/remark-parse-6.0.3.tgz",
      "integrity": "sha512-QbDXWN4HfKTUC0hHa4teU463KclLAnwpn/FBn87j9cKYJWWawbiLgMfP2Q4XwhxxuuuOxHlw+pSN0OKuJwyVvg=="
    },
    "remark-squeeze-paragraphs": {
      "version": "3.0.3",
      "resolved": "https://registry.npmjs.org/remark-squeeze-paragraphs/-/remark-squeeze-paragraphs-3.0.3.tgz",
      "integrity": "sha512-eDvjtwFa9eClqb7XgdF/1H9Pfs2LPnf/P3eRs9ucYAWUuv4WO8ZOVAUeT/1h66rQvghnfctz9au+HEmoKcdoqA=="
    },
    "repeat-string": {
      "version": "1.6.1",
      "resolved": "https://registry.npmjs.org/repeat-string/-/repeat-string-1.6.1.tgz",
      "integrity": "sha1-jcrkcOHIirwtYA//Sndihtp15jc="
    },
    "replace-ext": {
      "version": "1.0.0",
      "resolved": "https://registry.npmjs.org/replace-ext/-/replace-ext-1.0.0.tgz",
      "integrity": "sha1-3mMSg3P8v3w8z6TeWkgMRaZ5WOs="
    },
    "scheduler": {
      "version": "0.11.3",
      "resolved": "https://registry.npmjs.org/scheduler/-/scheduler-0.11.3.tgz",
      "integrity": "sha512-i9X9VRRVZDd3xZw10NY5Z2cVMbdYg6gqFecfj79USv1CFN+YrJ3gIPRKf1qlY+Sxly4djoKdfx1T+m9dnRB8kQ=="
    },
    "sentence-case": {
      "version": "2.1.1",
      "resolved": "https://registry.npmjs.org/sentence-case/-/sentence-case-2.1.1.tgz",
      "integrity": "sha1-H24t2jnBaL+S0T+G1KkYkz9mftQ="
    },
    "snake-case": {
      "version": "2.1.0",
      "resolved": "https://registry.npmjs.org/snake-case/-/snake-case-2.1.0.tgz",
      "integrity": "sha1-Qb2xtz8w7GagTU4srRt2OH1NbZ8="
    },
    "state-toggle": {
      "version": "1.0.1",
      "resolved": "https://registry.npmjs.org/state-toggle/-/state-toggle-1.0.1.tgz",
      "integrity": "sha512-Qe8QntFrrpWTnHwvwj2FZTgv+PKIsp0B9VxLzLLbSpPXWOgRgc5LVj/aTiSfK1RqIeF9jeC1UeOH8Q8y60A7og=="
    },
    "swap-case": {
      "version": "1.1.2",
      "resolved": "https://registry.npmjs.org/swap-case/-/swap-case-1.1.2.tgz",
      "integrity": "sha1-w5IDpFhzhfrTyFCgvRvK+ggZdOM="
    },
    "title-case": {
      "version": "2.1.1",
      "resolved": "https://registry.npmjs.org/title-case/-/title-case-2.1.1.tgz",
      "integrity": "sha1-PhJyFtpY0rxb7PE3q5Ha46fNj6o="
    },
    "to-style": {
      "version": "1.3.3",
      "resolved": "https://registry.npmjs.org/to-style/-/to-style-1.3.3.tgz",
      "integrity": "sha1-Y6K3Cm9KfU/cLtV6C+TnI1y2aZw="
    },
    "trim": {
      "version": "0.0.1",
      "resolved": "https://registry.npmjs.org/trim/-/trim-0.0.1.tgz",
      "integrity": "sha1-WFhUf2spB1fulczMZm+1AITEYN0="
    },
    "trim-lines": {
      "version": "1.1.1",
      "resolved": "https://registry.npmjs.org/trim-lines/-/trim-lines-1.1.1.tgz",
      "integrity": "sha512-X+eloHbgJGxczUk1WSjIvn7aC9oN3jVE3rQfRVKcgpavi3jxtCn0VVKtjOBj64Yop96UYn/ujJRpTbCdAF1vyg=="
    },
    "trim-trailing-lines": {
      "version": "1.1.1",
      "resolved": "https://registry.npmjs.org/trim-trailing-lines/-/trim-trailing-lines-1.1.1.tgz",
      "integrity": "sha512-bWLv9BbWbbd7mlqqs2oQYnLD/U/ZqeJeJwbO0FG2zA1aTq+HTvxfHNKFa/HGCVyJpDiioUYaBhfiT6rgk+l4mg=="
    },
    "trough": {
      "version": "1.0.3",
      "resolved": "https://registry.npmjs.org/trough/-/trough-1.0.3.tgz",
      "integrity": "sha512-fwkLWH+DimvA4YCy+/nvJd61nWQQ2liO/nF/RjkTpiOGi+zxZzVkhb1mvbHIIW4b/8nDsYI8uTmAlc0nNkRMOw=="
    },
    "unherit": {
      "version": "1.1.1",
      "resolved": "https://registry.npmjs.org/unherit/-/unherit-1.1.1.tgz",
      "integrity": "sha512-+XZuV691Cn4zHsK0vkKYwBEwB74T3IZIcxrgn2E4rKwTfFyI1zCh7X7grwh9Re08fdPlarIdyWgI8aVB3F5A5g=="
    },
    "unified": {
      "version": "7.1.0",
      "resolved": "https://registry.npmjs.org/unified/-/unified-7.1.0.tgz",
      "integrity": "sha512-lbk82UOIGuCEsZhPj8rNAkXSDXd6p0QLzIuSsCdxrqnqU56St4eyOB+AlXsVgVeRmetPTYydIuvFfpDIed8mqw=="
    },
    "unist-builder": {
      "version": "1.0.3",
      "resolved": "https://registry.npmjs.org/unist-builder/-/unist-builder-1.0.3.tgz",
      "integrity": "sha512-/KB8GEaoeHRyIqClL+Kam+Y5NWJ6yEiPsAfv1M+O1p+aKGgjR89WwoEHKTyOj17L6kAlqtKpAgv2nWvdbQDEig=="
    },
    "unist-util-generated": {
      "version": "1.1.3",
      "resolved": "https://registry.npmjs.org/unist-util-generated/-/unist-util-generated-1.1.3.tgz",
      "integrity": "sha512-qlPeDqnQnd84KIqwphzOR+l02cxjDzvEYEBl84EjmKRrX4eUmjyAo8xJv1SCDhJqNjyHRnBMZWNKAiBtXE6hBg=="
    },
    "unist-util-is": {
      "version": "2.1.2",
      "resolved": "https://registry.npmjs.org/unist-util-is/-/unist-util-is-2.1.2.tgz",
      "integrity": "sha512-YkXBK/H9raAmG7KXck+UUpnKiNmUdB+aBGrknfQ4EreE1banuzrKABx3jP6Z5Z3fMSPMQQmeXBlKpCbMwBkxVw=="
    },
    "unist-util-position": {
      "version": "3.0.2",
      "resolved": "https://registry.npmjs.org/unist-util-position/-/unist-util-position-3.0.2.tgz",
      "integrity": "sha512-npmFu92l/+b1Ao6uGP4I1WFz9hsKv7qleZ4aliw6x0RVu6A9A3tAf57NMpFfzQ02jxRtJZuRn+C8xWT7GWnH0g=="
    },
    "unist-util-remove": {
      "version": "1.0.1",
      "resolved": "https://registry.npmjs.org/unist-util-remove/-/unist-util-remove-1.0.1.tgz",
      "integrity": "sha512-nL+3O0nBB2Oi8ixVzIfJQLtNOMPIFzwoAIKvhDzEL8B15Nq7EY0KBQPYULjNrEmrwYMCkWp5XGTQiAlYZAL/rw=="
    },
    "unist-util-remove-position": {
      "version": "1.1.2",
      "resolved": "https://registry.npmjs.org/unist-util-remove-position/-/unist-util-remove-position-1.1.2.tgz",
      "integrity": "sha512-XxoNOBvq1WXRKXxgnSYbtCF76TJrRoe5++pD4cCBsssSiWSnPEktyFrFLE8LTk3JW5mt9hB0Sk5zn4x/JeWY7Q=="
    },
    "unist-util-stringify-position": {
      "version": "1.1.2",
      "resolved": "https://registry.npmjs.org/unist-util-stringify-position/-/unist-util-stringify-position-1.1.2.tgz",
      "integrity": "sha512-pNCVrk64LZv1kElr0N1wPiHEUoXNVFERp+mlTg/s9R5Lwg87f9bM/3sQB99w+N9D/qnM9ar3+AKDBwo/gm/iQQ=="
    },
    "unist-util-visit": {
      "version": "1.4.0",
      "resolved": "https://registry.npmjs.org/unist-util-visit/-/unist-util-visit-1.4.0.tgz",
      "integrity": "sha512-FiGu34ziNsZA3ZUteZxSFaczIjGmksfSgdKqBfOejrrfzyUy5b7YrlzT1Bcvi+djkYDituJDy2XB7tGTeBieKw=="
    },
    "unist-util-visit-parents": {
      "version": "2.0.1",
      "resolved": "https://registry.npmjs.org/unist-util-visit-parents/-/unist-util-visit-parents-2.0.1.tgz",
      "integrity": "sha512-6B0UTiMfdWql4cQ03gDTCSns+64Zkfo2OCbK31Ov0uMizEz+CJeAp0cgZVb5Fhmcd7Bct2iRNywejT0orpbqUA=="
    },
    "upper-case": {
      "version": "1.1.3",
      "resolved": "https://registry.npmjs.org/upper-case/-/upper-case-1.1.3.tgz",
      "integrity": "sha1-9rRQHC7EzdJrp4vnIilh3ndiFZg="
    },
    "upper-case-first": {
      "version": "1.1.2",
      "resolved": "https://registry.npmjs.org/upper-case-first/-/upper-case-first-1.1.2.tgz",
      "integrity": "sha1-XXm+3P8UQZUY/S7bCgUHybaFkRU="
    },
    "vfile": {
      "version": "3.0.1",
      "resolved": "https://registry.npmjs.org/vfile/-/vfile-3.0.1.tgz",
      "integrity": "sha512-y7Y3gH9BsUSdD4KzHsuMaCzRjglXN0W2EcMf0gpvu6+SbsGhMje7xDc8AEoeXy6mIwCKMI6BkjMsRjzQbhMEjQ=="
    },
    "vfile-location": {
      "version": "2.0.4",
      "resolved": "https://registry.npmjs.org/vfile-location/-/vfile-location-2.0.4.tgz",
      "integrity": "sha512-KRL5uXQPoUKu+NGvQVL4XLORw45W62v4U4gxJ3vRlDfI9QsT4ZN1PNXn/zQpKUulqGDpYuT0XDfp5q9O87/y/w=="
    },
    "vfile-message": {
      "version": "1.1.0",
      "resolved": "https://registry.npmjs.org/vfile-message/-/vfile-message-1.1.0.tgz",
      "integrity": "sha512-D9E9mTcn6b2uWxUgNSBQPWFywPxP87dZCkemuh01vNb7zntXgHtsrTorZdURrKSpFM0O1IlQVpfdmHuJuy6EGw=="
    },
    "x-is-string": {
      "version": "0.1.0",
      "resolved": "https://registry.npmjs.org/x-is-string/-/x-is-string-0.1.0.tgz",
      "integrity": "sha1-R0tQhlrzpJqcRlfwWs0UVFj3fYI="
    },
    "xtend": {
      "version": "4.0.1",
      "resolved": "https://registry.npmjs.org/xtend/-/xtend-4.0.1.tgz",
      "integrity": "sha1-pcbVMr5lbiPbgg77lDofBJmNY68="
    }
  }
}
